
Microsoft Visual Studio Solution File, Format Version 12.00
# Visual Studio 15
VisualStudioVersion = 15.0.28307.329
MinimumVisualStudioVersion = 10.0.40219.1
Project("{FAE04EC0-301F-11D3-BF4B-00C04F79EFBC}") = "CollegeApp", "CollegeApp\CollegeApp.csproj", "{DF7A898D-07F6-4780-9515-155A7F9C8517}"
EndProject
Global
	GlobalSection(SolutionConfigurationPlatforms) = preSolution
		Debug|Any CPU = Debug|Any CPU
		Release|Any CPU = Release|Any CPU
	EndGlobalSection
	GlobalSection(ProjectConfigurationPlatforms) = postSolution
		{DF7A898D-07F6-4780-9515-155A7F9C8517}.Debug|Any CPU.ActiveCfg = Debug|Any CPU
		{DF7A898D-07F6-4780-9515-155A7F9C8517}.Debug|Any CPU.Build.0 = Debug|Any CPU
		{DF7A898D-07F6-4780-9515-155A7F9C8517}.Release|Any CPU.ActiveCfg = Release|Any CPU
		{DF7A898D-07F6-4780-9515-155A7F9C8517}.Release|Any CPU.Build.0 = Release|Any CPU
	EndGlobalSection
	GlobalSection(SolutionProperties) = preSolution
		HideSolutionNode = FALSE
	EndGlobalSection
	GlobalSection(ExtensibilityGlobals) = postSolution
		SolutionGuid = {B979415D-089D-4DA1-B7C0-7283E35C9D1D}
	EndGlobalSection
EndGlobal
